
Microsoft Visual Studio Solution File, Format Version 12.00
# Visual Studio 15
VisualStudioVersion = 15.0.28307.106
MinimumVisualStudioVersion = 10.0.40219.1
Project("{9A19103F-16F7-4668-BE54-9A1E7A4F7556}") = "BinaryMan.Core", "BinaryMan.Core\BinaryMan.Core.csproj", "{7CFC54E7-BE2D-465B-AEC7-40500CB4BA9D}"
EndProject
Project("{9A19103F-16F7-4668-BE54-9A1E7A4F7556}") = "BinaryMan.Azure", "BinaryMan.Azure\BinaryMan.Azure.csproj", "{8AEF51A2-48B0-4CC8-8761-F400F86C2CAD}"
EndProject
Project("{9A19103F-16F7-4668-BE54-9A1E7A4F7556}") = "BinaryMan.Azure.Tests", "BinaryMan.Azure.Tests\BinaryMan.Azure.Tests.csproj", "{0C740EEC-562E-46EC-8446-EDE235BF8777}"
EndProject
Global
	GlobalSection(SolutionConfigurationPlatforms) = preSolution
		Debug|Any CPU = Debug|Any CPU
		Release|Any CPU = Release|Any CPU
	EndGlobalSection
	GlobalSection(ProjectConfigurationPlatforms) = postSolution
		{7CFC54E7-BE2D-465B-AEC7-40500CB4BA9D}.Debug|Any CPU.ActiveCfg = Debug|Any CPU
		{7CFC54E7-BE2D-465B-AEC7-40500CB4BA9D}.Debug|Any CPU.Build.0 = Debug|Any CPU
		{7CFC54E7-BE2D-465B-AEC7-40500CB4BA9D}.Release|Any CPU.ActiveCfg = Release|Any CPU
		{7CFC54E7-BE2D-465B-AEC7-40500CB4BA9D}.Release|Any CPU.Build.0 = Release|Any CPU
		{8AEF51A2-48B0-4CC8-8761-F400F86C2CAD}.Debug|Any CPU.ActiveCfg = Debug|Any CPU
		{8AEF51A2-48B0-4CC8-8761-F400F86C2CAD}.Debug|Any CPU.Build.0 = Debug|Any CPU
		{8AEF51A2-48B0-4CC8-8761-F400F86C2CAD}.Release|Any CPU.ActiveCfg = Release|Any CPU
		{8AEF51A2-48B0-4CC8-8761-F400F86C2CAD}.Release|Any CPU.Build.0 = Release|Any CPU
		{0C740EEC-562E-46EC-8446-EDE235BF8777}.Debug|Any CPU.ActiveCfg = Debug|Any CPU
		{0C740EEC-562E-46EC-8446-EDE235BF8777}.Debug|Any CPU.Build.0 = Debug|Any CPU
		{0C740EEC-562E-46EC-8446-EDE235BF8777}.Release|Any CPU.ActiveCfg = Release|Any CPU
		{0C740EEC-562E-46EC-8446-EDE235BF8777}.Release|Any CPU.Build.0 = Release|Any CPU
	EndGlobalSection
	GlobalSection(SolutionProperties) = preSolution
		HideSolutionNode = FALSE
	EndGlobalSection
	GlobalSection(ExtensibilityGlobals) = postSolution
		SolutionGuid = {BC67A397-AB5E-4D30-A3E9-5D1EF7EEDB71}
	EndGlobalSection
EndGlobal
